// !$*UTF8*$!
{
	archiveVersion = 1;
	classes = {
	};
	objectVersion = 46;
	objects = {

/* Begin PBXBuildFile section */
		F25DE42C1F1360AC00FCEDC9 /* main.m in Sources */ = {isa = PBXBuildFile; fileRef = F25DE42B1F1360AC00FCEDC9 /* main.m */; };
		F25DE42F1F1360AC00FCEDC9 /* AppDelegate.m in Sources */ = {isa = PBXBuildFile; fileRef = F25DE42E1F1360AC00FCEDC9 /* AppDelegate.m */; };
		F25DE4321F1360AC00FCEDC9 /* ViewController.m in Sources */ = {isa = PBXBuildFile; fileRef = F25DE4311F1360AC00FCEDC9 /* ViewController.m */; };
		F25DE4351F1360AC00FCEDC9 /* Main.storyboard in Resources */ = {isa = PBXBuildFile; fileRef = F25DE4331F1360AC00FCEDC9 /* Main.storyboard */; };
		F25DE4371F1360AC00FCEDC9 /* Assets.xcassets in Resources */ = {isa = PBXBuildFile; fileRef = F25DE4361F1360AC00FCEDC9 /* Assets.xcassets */; };
		F25DE43A1F1360AC00FCEDC9 /* LaunchScreen.storyboard in Resources */ = {isa = PBXBuildFile; fileRef = F25DE4381F1360AC00FCEDC9 /* LaunchScreen.storyboard */; };
		F25DE4451F1360AD00FCEDC9 /* OpenGl___01Tests.m in Sources */ = {isa = PBXBuildFile; fileRef = F25DE4441F1360AD00FCEDC9 /* OpenGl___01Tests.m */; };
		F25DE4501F1360AD00FCEDC9 /* OpenGl___01UITests.m in Sources */ = {isa = PBXBuildFile; fileRef = F25DE44F1F1360AD00FCEDC9 /* OpenGl___01UITests.m */; };
		F279DB111F1B1A9600C56248 /* ShaderOperations.m in Sources */ = {isa = PBXBuildFile; fileRef = F279DB101F1B1A9600C56248 /* ShaderOperations.m */; };
		F279DB131F1B381F00C56248 /* Fragment.glsl in Resources */ = {isa = PBXBuildFile; fileRef = F279DB121F1B381F00C56248 /* Fragment.glsl */; };
		F279DB151F1B386C00C56248 /* share.glsl in Resources */ = {isa = PBXBuildFile; fileRef = F279DB141F1B386C00C56248 /* share.glsl */; };
/* End PBXBuildFile section */

/* Begin PBXContainerItemProxy section */
		F25DE4411F1360AD00FCEDC9 /* PBXContainerItemProxy */ = {
			isa = PBXContainerItemProxy;
			containerPortal = F25DE41F1F1360AC00FCEDC9 /* Project object */;
			proxyType = 1;
			remoteGlobalIDString = F25DE4261F1360AC00FCEDC9;
			remoteInfo = "OpenGl - 01";
		};
		F25DE44C1F1360AD00FCEDC9 /* PBXContainerItemProxy */ = {
			isa = PBXContainerItemProxy;
			containerPortal = F25DE41F1F1360AC00FCEDC9 /* Project object */;
			proxyType = 1;
			remoteGlobalIDString = F25DE4261F1360AC00FCEDC9;
			remoteInfo = "OpenGl - 01";
		};
/* End PBXContainerItemProxy section */

/* Begin PBXFileReference section */
		F25DE4271F1360AC00FCEDC9 /* OpenGl - 01.app */ = {isa = PBXFileReference; explicitFileType = wrapper.application; includeInIndex = 0; path = "OpenGl - 01.app"; sourceTree = BUILT_PRODUCTS_DIR; };
		F25DE42B1F1360AC00FCEDC9 /* main.m */ = {isa = PBXFileReference; lastKnownFileType = sourcecode.c.objc; path = main.m; sourceTree = "<group>"; };
		F25DE42D1F1360AC00FCEDC9 /* AppDelegate.h */ = {isa = PBXFileReference; lastKnownFileType = sourcecode.c.h; path = AppDelegate.h; sourceTree = "<group>"; };
		F25DE42E1F1360AC00FCEDC9 /* AppDelegate.m */ = {isa = PBXFileReference; lastKnownFileType = sourcecode.c.objc; path = AppDelegate.m; sourceTree = "<group>"; };
		F25DE4301F1360AC00FCEDC9 /* ViewController.h */ = {isa = PBXFileReference; lastKnownFileType = sourcecode.c.h; path = ViewController.h; sourceTree = "<group>"; };
		F25DE4311F1360AC00FCEDC9 /* ViewController.m */ = {isa = PBXFileReference; lastKnownFileType = sourcecode.c.objc; path = ViewController.m; sourceTree = "<group>"; };
		F25DE4341F1360AC00FCEDC9 /* Base */ = {isa = PBXFileReference; lastKnownFileType = file.storyboard; name = Base; path = Base.lproj/Main.storyboard; sourceTree = "<group>"; };
		F25DE4361F1360AC00FCEDC9 /* Assets.xcassets */ = {isa = PBXFileReference; lastKnownFileType = folder.assetcatalog; path = Assets.xcassets; sourceTree = "<group>"; };
		F25DE4391F1360AC00FCEDC9 /* Base */ = {isa = PBXFileReference; lastKnownFileType = file.storyboard; name = Base; path = Base.lproj/LaunchScreen.storyboard; sourceTree = "<group>"; };
		F25DE43B1F1360AC00FCEDC9 /* Info.plist */ = {isa = PBXFileReference; lastKnownFileType = text.plist.xml; path = Info.plist; sourceTree = "<group>"; };
		F25DE4401F1360AD00FCEDC9 /* OpenGl - 01Tests.xctest */ = {isa = PBXFileReference; explicitFileType = wrapper.cfbundle; includeInIndex = 0; path = "OpenGl - 01Tests.xctest"; sourceTree = BUILT_PRODUCTS_DIR; };
		F25DE4441F1360AD00FCEDC9 /* OpenGl___01Tests.m */ = {isa = PBXFileReference; lastKnownFileType = sourcecode.c.objc; path = "OpenGl___01Tests.m"; sourceTree = "<group>"; };
		F25DE4461F1360AD00FCEDC9 /* Info.plist */ = {isa = PBXFileReference; lastKnownFileType = text.plist.xml; path = Info.plist; sourceTree = "<group>"; };
		F25DE44B1F1360AD00FCEDC9 /* OpenGl - 01UITests.xctest */ = {isa = PBXFileReference; explicitFileType = wrapper.cfbundle; includeInIndex = 0; path = "OpenGl - 01UITests.xctest"; sourceTree = BUILT_PRODUCTS_DIR; };
		F25DE44F1F1360AD00FCEDC9 /* OpenGl___01UITests.m */ = {isa = PBXFileReference; lastKnownFileType = sourcecode.c.objc; path = "OpenGl___01UITests.m"; sourceTree = "<group>"; };
		F25DE4511F1360AD00FCEDC9 /* Info.plist */ = {isa = PBXFileReference; lastKnownFileType = text.plist.xml; path = Info.plist; sourceTree = "<group>"; };
		F279DB0F1F1B1A9600C56248 /* ShaderOperations.h */ = {isa = PBXFileReference; fileEncoding = 4; lastKnownFileType = sourcecode.c.h; path = ShaderOperations.h; sourceTree = "<group>"; };
		F279DB101F1B1A9600C56248 /* ShaderOperations.m */ = {isa = PBXFileReference; fileEncoding = 4; lastKnownFileType = sourcecode.c.objc; path = ShaderOperations.m; sourceTree = "<group>"; };
		F279DB121F1B381F00C56248 /* Fragment.glsl */ = {isa = PBXFileReference; fileEncoding = 4; lastKnownFileType = text; path = Fragment.glsl; sourceTree = "<group>"; };
		F279DB141F1B386C00C56248 /* share.glsl */ = {isa = PBXFileReference; fileEncoding = 4; lastKnownFileType = text; path = share.glsl; sourceTree = "<group>"; };
/* End PBXFileReference section */

/* Begin PBXFrameworksBuildPhase section */
		F25DE4241F1360AC00FCEDC9 /* Frameworks */ = {
			isa = PBXFrameworksBuildPhase;
			buildActionMask = 2147483647;
			files = (
			);
			runOnlyForDeploymentPostprocessing = 0;
		};
		F25DE43D1F1360AD00FCEDC9 /* Frameworks */ = {
			isa = PBXFrameworksBuildPhase;
			buildActionMask = 2147483647;
			files = (
			);
			runOnlyForDeploymentPostprocessing = 0;
		};
		F25DE4481F1360AD00FCEDC9 /* Frameworks */ = {
			isa = PBXFrameworksBuildPhase;
			buildActionMask = 2147483647;
			files = (
			);
			runOnlyForDeploymentPostprocessing = 0;
		};
/* End PBXFrameworksBuildPhase section */

/* Begin PBXGroup section */
		F25DE41E1F1360AC00FCEDC9 = {
			isa = PBXGroup;
			children = (
				F25DE4291F1360AC00FCEDC9 /* OpenGl - 01 */,
				F25DE4431F1360AD00FCEDC9 /* OpenGl - 01Tests */,
				F25DE44E1F1360AD00FCEDC9 /* OpenGl - 01UITests */,
				F25DE4281F1360AC00FCEDC9 /* Products */,
			);
			sourceTree = "<group>";
		};
		F25DE4281F1360AC00FCEDC9 /* Products */ = {
			isa = PBXGroup;
			children = (
				F25DE4271F1360AC00FCEDC9 /* OpenGl - 01.app */,
				F25DE4401F1360AD00FCEDC9 /* OpenGl - 01Tests.xctest */,
				F25DE44B1F1360AD00FCEDC9 /* OpenGl - 01UITests.xctest */,
			);
			name = Products;
			sourceTree = "<group>";
		};
		F25DE4291F1360AC00FCEDC9 /* OpenGl - 01 */ = {
			isa = PBXGroup;
			children = (
				F25DE42D1F1360AC00FCEDC9 /* AppDelegate.h */,
				F25DE42E1F1360AC00FCEDC9 /* AppDelegate.m */,
				F25DE4301F1360AC00FCEDC9 /* ViewController.h */,
				F25DE4311F1360AC00FCEDC9 /* ViewController.m */,
				F279DB0F1F1B1A9600C56248 /* ShaderOperations.h */,
				F279DB101F1B1A9600C56248 /* ShaderOperations.m */,
				F279DB141F1B386C00C56248 /* share.glsl */,
				F279DB121F1B381F00C56248 /* Fragment.glsl */,
				F25DE4331F1360AC00FCEDC9 /* Main.storyboard */,
				F25DE4361F1360AC00FCEDC9 /* Assets.xcassets */,
				F25DE4381F1360AC00FCEDC9 /* LaunchScreen.storyboard */,
				F25DE43B1F1360AC00FCEDC9 /* Info.plist */,
				F25DE42A1F1360AC00FCEDC9 /* Supporting Files */,
			);
			path = "OpenGl - 01";
			sourceTree = "<group>";
		};
		F25DE42A1F1360AC00FCEDC9 /* Supporting Files */ = {
			isa = PBXGroup;
			children = (
				F25DE42B1F1360AC00FCEDC9 /* main.m */,
			);
			name = "Supporting Files";
			sourceTree = "<group>";
		};
		F25DE4431F1360AD00FCEDC9 /* OpenGl - 01Tests */ = {
			isa = PBXGroup;
			children = (
				F25DE4441F1360AD00FCEDC9 /* OpenGl___01Tests.m */,
				F25DE4461F1360AD00FCEDC9 /* Info.plist */,
			);
			path = "OpenGl - 01Tests";
			sourceTree = "<group>";
		};
		F25DE44E1F1360AD00FCEDC9 /* OpenGl - 01UITests */ = {
			isa = PBXGroup;
			children = (
				F25DE44F1F1360AD00FCEDC9 /* OpenGl___01UITests.m */,
				F25DE4511F1360AD00FCEDC9 /* Info.plist */,
			);
			path = "OpenGl - 01UITests";
			sourceTree = "<group>";
		};
/* End PBXGroup section */

/* Begin PBXNativeTarget section */
		F25DE4261F1360AC00FCEDC9 /* OpenGl - 01 */ = {
			isa = PBXNativeTarget;
			buildConfigurationList = F25DE4541F1360AD00FCEDC9 /* Build configuration list for PBXNativeTarget "OpenGl - 01" */;
			buildPhases = (
				F25DE4231F1360AC00FCEDC9 /* Sources */,
				F25DE4241F1360AC00FCEDC9 /* Frameworks */,
				F25DE4251F1360AC00FCEDC9 /* Resources */,
			);
			buildRules = (
			);
			dependencies = (
			);
			name = "OpenGl - 01";
			productName = "OpenGl - 01";
			productReference = F25DE4271F1360AC00FCEDC9 /* OpenGl - 01.app */;
			productType = "com.apple.product-type.application";
		};
		F25DE43F1F1360AD00FCEDC9 /* OpenGl - 01Tests */ = {
			isa = PBXNativeTarget;
			buildConfigurationList = F25DE4571F1360AD00FCEDC9 /* Build configuration list for PBXNativeTarget "OpenGl - 01Tests" */;
			buildPhases = (
				F25DE43C1F1360AD00FCEDC9 /* Sources */,
				F25DE43D1F1360AD00FCEDC9 /* Frameworks */,
				F25DE43E1F1360AD00FCEDC9 /* Resources */,
			);
			buildRules = (
			);
			dependencies = (
				F25DE4421F1360AD00FCEDC9 /* PBXTargetDependency */,
			);
			name = "OpenGl - 01Tests";
			productName = "OpenGl - 01Tests";
			productReference = F25DE4401F1360AD00FCEDC9 /* OpenGl - 01Tests.xctest */;
			productType = "com.apple.product-type.bundle.unit-test";
		};
		F25DE44A1F1360AD00FCEDC9 /* OpenGl - 01UITests */ = {
			isa = PBXNativeTarget;
			buildConfigurationList = F25DE45A1F1360AD00FCEDC9 /* Build configuration list for PBXNativeTarget "OpenGl - 01UITests" */;
			buildPhases = (
				F25DE4471F1360AD00FCEDC9 /* Sources */,
				F25DE4481F1360AD00FCEDC9 /* Frameworks */,
				F25DE4491F1360AD00FCEDC9 /* Resources */,
			);
			buildRules = (
			);
			dependencies = (
				F25DE44D1F1360AD00FCEDC9 /* PBXTargetDependency */,
			);
			name = "OpenGl - 01UITests";
			productName = "OpenGl - 01UITests";
			productReference = F25DE44B1F1360AD00FCEDC9 /* OpenGl - 01UITests.xctest */;
			productType = "com.apple.product-type.bundle.ui-testing";
		};
/* End PBXNativeTarget section */

/* Begin PBXProject section */
		F25DE41F1F1360AC00FCEDC9 /* Project object */ = {
			isa = PBXProject;
			attributes = {
				LastUpgradeCheck = 0800;
				ORGANIZATIONNAME = "Mr Liu";
				TargetAttributes = {
					F25DE4261F1360AC00FCEDC9 = {
						CreatedOnToolsVersion = 8.0;
						ProvisioningStyle = Automatic;
					};
					F25DE43F1F1360AD00FCEDC9 = {
						CreatedOnToolsVersion = 8.0;
						ProvisioningStyle = Automatic;
						TestTargetID = F25DE4261F1360AC00FCEDC9;
					};
					F25DE44A1F1360AD00FCEDC9 = {
						CreatedOnToolsVersion = 8.0;
						ProvisioningStyle = Automatic;
						TestTargetID = F25DE4261F1360AC00FCEDC9;
					};
				};
			};
			buildConfigurationList = F25DE4221F1360AC00FCEDC9 /* Build configuration list for PBXProject "OpenGl - 01" */;
			compatibilityVersion = "Xcode 3.2";
			developmentRegion = English;
			hasScannedForEncodings = 0;
			knownRegions = (
				en,
				Base,
			);
			mainGroup = F25DE41E1F1360AC00FCEDC9;
			productRefGroup = F25DE4281F1360AC00FCEDC9 /* Products */;
			projectDirPath = "";
			projectRoot = "";
			targets = (
				F25DE4261F1360AC00FCEDC9 /* OpenGl - 01 */,
				F25DE43F1F1360AD00FCEDC9 /* OpenGl - 01Tests */,
				F25DE44A1F1360AD00FCEDC9 /* OpenGl - 01UITests */,
			);
		};
/* End PBXProject section */

/* Begin PBXResourcesBuildPhase section */
		F25DE4251F1360AC00FCEDC9 /* Resources */ = {
			isa = PBXResourcesBuildPhase;
			buildActionMask = 2147483647;
			files = (
				F279DB151F1B386C00C56248 /* share.glsl in Resources */,
				F25DE43A1F1360AC00FCEDC9 /* LaunchScreen.storyboard in Resources */,
				F25DE4371F1360AC00FCEDC9 /* Assets.xcassets in Resources */,
				F25DE4351F1360AC00FCEDC9 /* Main.storyboard in Resources */,
				F279DB131F1B381F00C56248 /* Fragment.glsl in Resources */,
			);
			runOnlyForDeploymentPostprocessing = 0;
		};
		F25DE43E1F1360AD00FCEDC9 /* Resources */ = {
			isa = PBXResourcesBuildPhase;
			buildActionMask = 2147483647;
			files = (
			);
			runOnlyForDeploymentPostprocessing = 0;
		};
		F25DE4491F1360AD00FCEDC9 /* Resources */ = {
			isa = PBXResourcesBuildPhase;
			buildActionMask = 2147483647;
			files = (
			);
			runOnlyForDeploymentPostprocessing = 0;
		};
/* End PBXResourcesBuildPhase section */

/* Begin PBXSourcesBuildPhase section */
		F25DE4231F1360AC00FCEDC9 /* Sources */ = {
			isa = PBXSourcesBuildPhase;
			buildActionMask = 2147483647;
			files = (
				F279DB111F1B1A9600C56248 /* ShaderOperations.m in Sources */,
				F25DE4321F1360AC00FCEDC9 /* ViewController.m in Sources */,
				F25DE42F1F1360AC00FCEDC9 /* AppDelegate.m in Sources */,
				F25DE42C1F1360AC00FCEDC9 /* main.m in Sources */,
			);
			runOnlyForDeploymentPostprocessing = 0;
		};
		F25DE43C1F1360AD00FCEDC9 /* Sources */ = {
			isa = PBXSourcesBuildPhase;
			buildActionMask = 2147483647;
			files = (
				F25DE4451F1360AD00FCEDC9 /* OpenGl___01Tests.m in Sources */,
			);
			runOnlyForDeploymentPostprocessing = 0;
		};
		F25DE4471F1360AD00FCEDC9 /* Sources */ = {
			isa = PBXSourcesBuildPhase;
			buildActionMask = 2147483647;
			files = (
				F25DE4501F1360AD00FCEDC9 /* OpenGl___01UITests.m in Sources */,
			);
			runOnlyForDeploymentPostprocessing = 0;
		};
/* End PBXSourcesBuildPhase section */

/* Begin PBXTargetDependency section */
		F25DE4421F1360AD00FCEDC9 /* PBXTargetDependency */ = {
			isa = PBXTargetDependency;
			target = F25DE4261F1360AC00FCEDC9 /* OpenGl - 01 */;
			targetProxy = F25DE4411F1360AD00FCEDC9 /* PBXContainerItemProxy */;
		};
		F25DE44D1F1360AD00FCEDC9 /* PBXTargetDependency */ = {
			isa = PBXTargetDependency;
			target = F25DE4261F1360AC00FCEDC9 /* OpenGl - 01 */;
			targetProxy = F25DE44C1F1360AD00FCEDC9 /* PBXContainerItemProxy */;
		};
/* End PBXTargetDependency section */

/* Begin PBXVariantGroup section */
		F25DE4331F1360AC00FCEDC9 /* Main.storyboard */ = {
			isa = PBXVariantGroup;
			children = (
				F25DE4341F1360AC00FCEDC9 /* Base */,
			);
			name = Main.storyboard;
			sourceTree = "<group>";
		};
		F25DE4381F1360AC00FCEDC9 /* LaunchScreen.storyboard */ = {
			isa = PBXVariantGroup;
			children = (
				F25DE4391F1360AC00FCEDC9 /* Base */,
			);
			name = LaunchScreen.storyboard;
			sourceTree = "<group>";
		};
/* End PBXVariantGroup section */

/* Begin XCBuildConfiguration section */
		F25DE4521F1360AD00FCEDC9 /* Debug */ = {
			isa = XCBuildConfiguration;
			buildSettings = {
				ALWAYS_SEARCH_USER_PATHS = NO;
				CLANG_ANALYZER_NONNULL = YES;
				CLANG_CXX_LANGUAGE_STANDARD = "gnu++0x";
				CLANG_CXX_LIBRARY = "libc++";
				CLANG_ENABLE_MODULES = YES;
				CLANG_ENABLE_OBJC_ARC = YES;
				CLANG_WARN_BOOL_CONVERSION = YES;
				CLANG_WARN_CONSTANT_CONVERSION = YES;
				CLANG_WARN_DIRECT_OBJC_ISA_USAGE = YES_ERROR;
				CLANG_WARN_DOCUMENTATION_COMMENTS = YES;
				CLANG_WARN_EMPTY_BODY = YES;
				CLANG_WARN_ENUM_CONVERSION = YES;
				CLANG_WARN_INFINITE_RECURSION = YES;
				CLANG_WARN_INT_CONVERSION = YES;
				CLANG_WARN_OBJC_ROOT_CLASS = YES_ERROR;
				CLANG_WARN_SUSPICIOUS_MOVES = YES;
				CLANG_WARN_UNREACHABLE_CODE = YES;
				CLANG_WARN__DUPLICATE_METHOD_MATCH = YES;
				"CODE_SIGN_IDENTITY[sdk=iphoneos*]" = "iPhone Developer";
				COPY_PHASE_STRIP = NO;
				DEBUG_INFORMATION_FORMAT = dwarf;
				ENABLE_STRICT_OBJC_MSGSEND = YES;
				ENABLE_TESTABILITY = YES;
				GCC_C_LANGUAGE_STANDARD = gnu99;
				GCC_DYNAMIC_NO_PIC = NO;
				GCC_NO_COMMON_BLOCKS = YES;
				GCC_OPTIMIZATION_LEVEL = 0;
				GCC_PREPROCESSOR_DEFINITIONS = (
					"DEBUG=1",
					"$(inherited)",
				);
				GCC_WARN_64_TO_32_BIT_CONVERSION = YES;
				GCC_WARN_ABOUT_RETURN_TYPE = YES_ERROR;
				GCC_WARN_UNDECLARED_SELECTOR = YES;
				GCC_WARN_UNINITIALIZED_AUTOS = YES_AGGRESSIVE;
				GCC_WARN_UNUSED_FUNCTION = YES;
				GCC_WARN_UNUSED_VARIABLE = YES;
				IPHONEOS_DEPLOYMENT_TARGET = 10.0;
				MTL_ENABLE_DEBUG_INFO = YES;
				ONLY_ACTIVE_ARCH = YES;
				SDKROOT = iphoneos;
				TARGETED_DEVICE_FAMILY = "1,2";
			};
			name = Debug;
		};
		F25DE4531F1360AD00FCEDC9 /* Release */ = {
			isa = XCBuildConfiguration;
			buildSettings = {
				ALWAYS_SEARCH_USER_PATHS = NO;
				CLANG_ANALYZER_NONNULL = YES;
				CLANG_CXX_LANGUAGE_STANDARD = "gnu++0x";
				CLANG_CXX_LIBRARY = "libc++";
				CLANG_ENABLE_MODULES = YES;
				CLANG_ENABLE_OBJC_ARC = YES;
				CLANG_WARN_BOOL_CONVERSION = YES;
				CLANG_WARN_CONSTANT_CONVERSION = YES;
				CLANG_WARN_DIRECT_OBJC_ISA_USAGE = YES_ERROR;
				CLANG_WARN_DOCUMENTATION_COMMENTS = YES;
				CLANG_WARN_EMPTY_BODY = YES;
				CLANG_WARN_ENUM_CONVERSION = YES;
				CLANG_WARN_INFINITE_RECURSION = YES;
				CLANG_WARN_INT_CONVERSION = YES;
				CLANG_WARN_OBJC_ROOT_CLASS = YES_ERROR;
				CLANG_WARN_SUSPICIOUS_MOVES = YES;
				CLANG_WARN_UNREACHABLE_CODE = YES;
				CLANG_WARN__DUPLICATE_METHOD_MATCH = YES;
				"CODE_SIGN_IDENTITY[sdk=iphoneos*]" = "iPhone Developer";
				COPY_PHASE_STRIP = NO;
				DEBUG_INFORMATION_FORMAT = "dwarf-with-dsym";
				ENABLE_NS_ASSERTIONS = NO;
				ENABLE_STRICT_OBJC_MSGSEND = YES;
				GCC_C_LANGUAGE_STANDARD = gnu99;
				GCC_NO_COMMON_BLOCKS = YES;
				GCC_WARN_64_TO_32_BIT_CONVERSION = YES;
				GCC_WARN_ABOUT_RETURN_TYPE = YES_ERROR;
				GCC_WARN_UNDECLARED_SELECTOR = YES;
				GCC_WARN_UNINITIALIZED_AUTOS = YES_AGGRESSIVE;
				GCC_WARN_UNUSED_FUNCTION = YES;
				GCC_WARN_UNUSED_VARIABLE = YES;
				IPHONEOS_DEPLOYMENT_TARGET = 10.0;
				MTL_ENABLE_DEBUG_INFO = NO;
				SDKROOT = iphoneos;
				TARGETED_DEVICE_FAMILY = "1,2";
				VALIDATE_PRODUCT = YES;
			};
			name = Release;
		};
		F25DE4551F1360AD00FCEDC9 /* Debug */ = {
			isa = XCBuildConfiguration;
			buildSettings = {
				ASSETCATALOG_COMPILER_APPICON_NAME = AppIcon;
				INFOPLIST_FILE = "OpenGl - 01/Info.plist";
				LD_RUNPATH_SEARCH_PATHS = "$(inherited) @executable_path/Frameworks";
				PRODUCT_BUNDLE_IDENTIFIER = "TSSL.OpenGl---01";
				PRODUCT_NAME = "$(TARGET_NAME)";
			};
			name = Debug;
		};
		F25DE4561F1360AD00FCEDC9 /* Release */ = {
			isa = XCBuildConfiguration;
			buildSettings = {
				ASSETCATALOG_COMPILER_APPICON_NAME = AppIcon;
				INFOPLIST_FILE = "OpenGl - 01/Info.plist";
				LD_RUNPATH_SEARCH_PATHS = "$(inherited) @executable_path/Frameworks";
				PRODUCT_BUNDLE_IDENTIFIER = "TSSL.OpenGl---01";
				PRODUCT_NAME = "$(TARGET_NAME)";
			};
			name = Release;
		};
		F25DE4581F1360AD00FCEDC9 /* Debug */ = {
			isa = XCBuildConfiguration;
			buildSettings = {
				BUNDLE_LOADER = "$(TEST_HOST)";
				INFOPLIST_FILE = "OpenGl - 01Tests/Info.plist";
				LD_RUNPATH_SEARCH_PATHS = "$(inherited) @executable_path/Frameworks @loader_path/Frameworks";
				PRODUCT_BUNDLE_IDENTIFIER = "TSSL.OpenGl---01Tests";
				PRODUCT_NAME = "$(TARGET_NAME)";
				TEST_HOST = "$(BUILT_PRODUCTS_DIR)/OpenGl - 01.app/OpenGl - 01";
			};
			name = Debug;
		};
		F25DE4591F1360AD00FCEDC9 /* Release */ = {
			isa = XCBuildConfiguration;
			buildSettings = {
				BUNDLE_LOADER = "$(TEST_HOST)";
				INFOPLIST_FILE = "OpenGl - 01Tests/Info.plist";
				LD_RUNPATH_SEARCH_PATHS = "$(inherited) @executable_path/Frameworks @loader_path/Frameworks";
				PRODUCT_BUNDLE_IDENTIFIER = "TSSL.OpenGl---01Tests";
				PRODUCT_NAME = "$(TARGET_NAME)";
				TEST_HOST = "$(BUILT_PRODUCTS_DIR)/OpenGl - 01.app/OpenGl - 01";
			};
			name = Release;
		};
		F25DE45B1F1360AD00FCEDC9 /* Debug */ = {
			isa = XCBuildConfiguration;
			buildSettings = {
				INFOPLIST_FILE = "OpenGl - 01UITests/Info.plist";
				LD_RUNPATH_SEARCH_PATHS = "$(inherited) @executable_path/Frameworks @loader_path/Frameworks";
				PRODUCT_BUNDLE_IDENTIFIER = "TSSL.OpenGl---01UITests";
				PRODUCT_NAME = "$(TARGET_NAME)";
				TEST_TARGET_NAME = "OpenGl - 01";
			};
			name = Debug;
		};
		F25DE45C1F1360AD00FCEDC9 /* Release */ = {
			isa = XCBuildConfiguration;
			buildSettings = {
				INFOPLIST_FILE = "OpenGl - 01UITests/Info.plist";
				LD_RUNPATH_SEARCH_PATHS = "$(inherited) @executable_path/Frameworks @loader_path/Frameworks";
				PRODUCT_BUNDLE_IDENTIFIER = "TSSL.OpenGl---01UITests";
				PRODUCT_NAME = "$(TARGET_NAME)";
				TEST_TARGET_NAME = "OpenGl - 01";
			};
			name = Release;
		};
/* End XCBuildConfiguration section */

/* Begin XCConfigurationList section */
		F25DE4221F1360AC00FCEDC9 /* Build configuration list for PBXProject "OpenGl - 01" */ = {
			isa = XCConfigurationList;
			buildConfigurations = (
				F25DE4521F1360AD00FCEDC9 /* Debug */,
				F25DE4531F1360AD00FCEDC9 /* Release */,
			);
			defaultConfigurationIsVisible = 0;
			defaultConfigurationName = Release;
		};
		F25DE4541F1360AD00FCEDC9 /* Build configuration list for PBXNativeTarget "OpenGl - 01" */ = {
			isa = XCConfigurationList;
			buildConfigurations = (
				F25DE4551F1360AD00FCEDC9 /* Debug */,
				F25DE4561F1360AD00FCEDC9 /* Release */,
			);
			defaultConfigurationIsVisible = 0;
			defaultConfigurationName = Release;
		};
		F25DE4571F1360AD00FCEDC9 /* Build configuration list for PBXNativeTarget "OpenGl - 01Tests" */ = {
			isa = XCConfigurationList;
			buildConfigurations = (
				F25DE4581F1360AD00FCEDC9 /* Debug */,
				F25DE4591F1360AD00FCEDC9 /* Release */,
			);
			defaultConfigurationIsVisible = 0;
			defaultConfigurationName = Release;
		};
		F25DE45A1F1360AD00FCEDC9 /* Build configuration list for PBXNativeTarget "OpenGl - 01UITests" */ = {
			isa = XCConfigurationList;
			buildConfigurations = (
				F25DE45B1F1360AD00FCEDC9 /* Debug */,
				F25DE45C1F1360AD00FCEDC9 /* Release */,
			);
			defaultConfigurationIsVisible = 0;
			defaultConfigurationName = Release;
		};
/* End XCConfigurationList section */
	};
	rootObject = F25DE41F1F1360AC00FCEDC9 /* Project object */;
}
