// !$*UTF8*$!
{
	archiveVersion = 1;
	classes = {
	};
	objectVersion = 46;
	objects = {

/* Begin PBXBuildFile section */
		F2DAABFD1F3569AC006456DA /* main.m in Sources */ = {isa = PBXBuildFile; fileRef = F2DAABFC1F3569AC006456DA /* main.m */; };
		F2DAAC001F3569AC006456DA /* AppDelegate.m in Sources */ = {isa = PBXBuildFile; fileRef = F2DAABFF1F3569AC006456DA /* AppDelegate.m */; };
		F2DAAC031F3569AC006456DA /* ViewController.m in Sources */ = {isa = PBXBuildFile; fileRef = F2DAAC021F3569AC006456DA /* ViewController.m */; };
		F2DAAC061F3569AC006456DA /* Main.storyboard in Resources */ = {isa = PBXBuildFile; fileRef = F2DAAC041F3569AC006456DA /* Main.storyboard */; };
		F2DAAC081F3569AC006456DA /* Assets.xcassets in Resources */ = {isa = PBXBuildFile; fileRef = F2DAAC071F3569AC006456DA /* Assets.xcassets */; };
		F2DAAC0B1F3569AC006456DA /* LaunchScreen.storyboard in Resources */ = {isa = PBXBuildFile; fileRef = F2DAAC091F3569AC006456DA /* LaunchScreen.storyboard */; };
		F2DAAC161F3569AC006456DA /* ________Tests.m in Sources */ = {isa = PBXBuildFile; fileRef = F2DAAC151F3569AC006456DA /* ________Tests.m */; };
		F2DAAC211F3569AC006456DA /* ________UITests.m in Sources */ = {isa = PBXBuildFile; fileRef = F2DAAC201F3569AC006456DA /* ________UITests.m */; };
/* End PBXBuildFile section */

/* Begin PBXContainerItemProxy section */
		F2DAAC121F3569AC006456DA /* PBXContainerItemProxy */ = {
			isa = PBXContainerItemProxy;
			containerPortal = F2DAABF01F3569AC006456DA /* Project object */;
			proxyType = 1;
			remoteGlobalIDString = F2DAABF71F3569AC006456DA;
			remoteInfo = "给三角形添加纹理";
		};
		F2DAAC1D1F3569AC006456DA /* PBXContainerItemProxy */ = {
			isa = PBXContainerItemProxy;
			containerPortal = F2DAABF01F3569AC006456DA /* Project object */;
			proxyType = 1;
			remoteGlobalIDString = F2DAABF71F3569AC006456DA;
			remoteInfo = "给三角形添加纹理";
		};
/* End PBXContainerItemProxy section */

/* Begin PBXFileReference section */
		F2DAABF81F3569AC006456DA /* 给三角形添加纹理.app */ = {isa = PBXFileReference; explicitFileType = wrapper.application; includeInIndex = 0; path = "给三角形添加纹理.app"; sourceTree = BUILT_PRODUCTS_DIR; };
		F2DAABFC1F3569AC006456DA /* main.m */ = {isa = PBXFileReference; lastKnownFileType = sourcecode.c.objc; path = main.m; sourceTree = "<group>"; };
		F2DAABFE1F3569AC006456DA /* AppDelegate.h */ = {isa = PBXFileReference; lastKnownFileType = sourcecode.c.h; path = AppDelegate.h; sourceTree = "<group>"; };
		F2DAABFF1F3569AC006456DA /* AppDelegate.m */ = {isa = PBXFileReference; lastKnownFileType = sourcecode.c.objc; path = AppDelegate.m; sourceTree = "<group>"; };
		F2DAAC011F3569AC006456DA /* ViewController.h */ = {isa = PBXFileReference; lastKnownFileType = sourcecode.c.h; path = ViewController.h; sourceTree = "<group>"; };
		F2DAAC021F3569AC006456DA /* ViewController.m */ = {isa = PBXFileReference; lastKnownFileType = sourcecode.c.objc; path = ViewController.m; sourceTree = "<group>"; };
		F2DAAC051F3569AC006456DA /* Base */ = {isa = PBXFileReference; lastKnownFileType = file.storyboard; name = Base; path = Base.lproj/Main.storyboard; sourceTree = "<group>"; };
		F2DAAC071F3569AC006456DA /* Assets.xcassets */ = {isa = PBXFileReference; lastKnownFileType = folder.assetcatalog; path = Assets.xcassets; sourceTree = "<group>"; };
		F2DAAC0A1F3569AC006456DA /* Base */ = {isa = PBXFileReference; lastKnownFileType = file.storyboard; name = Base; path = Base.lproj/LaunchScreen.storyboard; sourceTree = "<group>"; };
		F2DAAC0C1F3569AC006456DA /* Info.plist */ = {isa = PBXFileReference; lastKnownFileType = text.plist.xml; path = Info.plist; sourceTree = "<group>"; };
		F2DAAC111F3569AC006456DA /* 给三角形添加纹理Tests.xctest */ = {isa = PBXFileReference; explicitFileType = wrapper.cfbundle; includeInIndex = 0; path = "给三角形添加纹理Tests.xctest"; sourceTree = BUILT_PRODUCTS_DIR; };
		F2DAAC151F3569AC006456DA /* ________Tests.m */ = {isa = PBXFileReference; lastKnownFileType = sourcecode.c.objc; path = "________Tests.m"; sourceTree = "<group>"; };
		F2DAAC171F3569AC006456DA /* Info.plist */ = {isa = PBXFileReference; lastKnownFileType = text.plist.xml; path = Info.plist; sourceTree = "<group>"; };
		F2DAAC1C1F3569AC006456DA /* 给三角形添加纹理UITests.xctest */ = {isa = PBXFileReference; explicitFileType = wrapper.cfbundle; includeInIndex = 0; path = "给三角形添加纹理UITests.xctest"; sourceTree = BUILT_PRODUCTS_DIR; };
		F2DAAC201F3569AC006456DA /* ________UITests.m */ = {isa = PBXFileReference; lastKnownFileType = sourcecode.c.objc; path = "________UITests.m"; sourceTree = "<group>"; };
		F2DAAC221F3569AC006456DA /* Info.plist */ = {isa = PBXFileReference; lastKnownFileType = text.plist.xml; path = Info.plist; sourceTree = "<group>"; };
/* End PBXFileReference section */

/* Begin PBXFrameworksBuildPhase section */
		F2DAABF51F3569AC006456DA /* Frameworks */ = {
			isa = PBXFrameworksBuildPhase;
			buildActionMask = 2147483647;
			files = (
			);
			runOnlyForDeploymentPostprocessing = 0;
		};
		F2DAAC0E1F3569AC006456DA /* Frameworks */ = {
			isa = PBXFrameworksBuildPhase;
			buildActionMask = 2147483647;
			files = (
			);
			runOnlyForDeploymentPostprocessing = 0;
		};
		F2DAAC191F3569AC006456DA /* Frameworks */ = {
			isa = PBXFrameworksBuildPhase;
			buildActionMask = 2147483647;
			files = (
			);
			runOnlyForDeploymentPostprocessing = 0;
		};
/* End PBXFrameworksBuildPhase section */

/* Begin PBXGroup section */
		F2DAABEF1F3569AC006456DA = {
			isa = PBXGroup;
			children = (
				F2DAABFA1F3569AC006456DA /* 给三角形添加纹理 */,
				F2DAAC141F3569AC006456DA /* 给三角形添加纹理Tests */,
				F2DAAC1F1F3569AC006456DA /* 给三角形添加纹理UITests */,
				F2DAABF91F3569AC006456DA /* Products */,
			);
			sourceTree = "<group>";
		};
		F2DAABF91F3569AC006456DA /* Products */ = {
			isa = PBXGroup;
			children = (
				F2DAABF81F3569AC006456DA /* 给三角形添加纹理.app */,
				F2DAAC111F3569AC006456DA /* 给三角形添加纹理Tests.xctest */,
				F2DAAC1C1F3569AC006456DA /* 给三角形添加纹理UITests.xctest */,
			);
			name = Products;
			sourceTree = "<group>";
		};
		F2DAABFA1F3569AC006456DA /* 给三角形添加纹理 */ = {
			isa = PBXGroup;
			children = (
				F2DAABFE1F3569AC006456DA /* AppDelegate.h */,
				F2DAABFF1F3569AC006456DA /* AppDelegate.m */,
				F2DAAC011F3569AC006456DA /* ViewController.h */,
				F2DAAC021F3569AC006456DA /* ViewController.m */,
				F2DAAC041F3569AC006456DA /* Main.storyboard */,
				F2DAAC071F3569AC006456DA /* Assets.xcassets */,
				F2DAAC091F3569AC006456DA /* LaunchScreen.storyboard */,
				F2DAAC0C1F3569AC006456DA /* Info.plist */,
				F2DAABFB1F3569AC006456DA /* Supporting Files */,
			);
			path = "给三角形添加纹理";
			sourceTree = "<group>";
		};
		F2DAABFB1F3569AC006456DA /* Supporting Files */ = {
			isa = PBXGroup;
			children = (
				F2DAABFC1F3569AC006456DA /* main.m */,
			);
			name = "Supporting Files";
			sourceTree = "<group>";
		};
		F2DAAC141F3569AC006456DA /* 给三角形添加纹理Tests */ = {
			isa = PBXGroup;
			children = (
				F2DAAC151F3569AC006456DA /* ________Tests.m */,
				F2DAAC171F3569AC006456DA /* Info.plist */,
			);
			path = "给三角形添加纹理Tests";
			sourceTree = "<group>";
		};
		F2DAAC1F1F3569AC006456DA /* 给三角形添加纹理UITests */ = {
			isa = PBXGroup;
			children = (
				F2DAAC201F3569AC006456DA /* ________UITests.m */,
				F2DAAC221F3569AC006456DA /* Info.plist */,
			);
			path = "给三角形添加纹理UITests";
			sourceTree = "<group>";
		};
/* End PBXGroup section */

/* Begin PBXNativeTarget section */
		F2DAABF71F3569AC006456DA /* 给三角形添加纹理 */ = {
			isa = PBXNativeTarget;
			buildConfigurationList = F2DAAC251F3569AC006456DA /* Build configuration list for PBXNativeTarget "给三角形添加纹理" */;
			buildPhases = (
				F2DAABF41F3569AC006456DA /* Sources */,
				F2DAABF51F3569AC006456DA /* Frameworks */,
				F2DAABF61F3569AC006456DA /* Resources */,
			);
			buildRules = (
			);
			dependencies = (
			);
			name = "给三角形添加纹理";
			productName = "给三角形添加纹理";
			productReference = F2DAABF81F3569AC006456DA /* 给三角形添加纹理.app */;
			productType = "com.apple.product-type.application";
		};
		F2DAAC101F3569AC006456DA /* 给三角形添加纹理Tests */ = {
			isa = PBXNativeTarget;
			buildConfigurationList = F2DAAC281F3569AC006456DA /* Build configuration list for PBXNativeTarget "给三角形添加纹理Tests" */;
			buildPhases = (
				F2DAAC0D1F3569AC006456DA /* Sources */,
				F2DAAC0E1F3569AC006456DA /* Frameworks */,
				F2DAAC0F1F3569AC006456DA /* Resources */,
			);
			buildRules = (
			);
			dependencies = (
				F2DAAC131F3569AC006456DA /* PBXTargetDependency */,
			);
			name = "给三角形添加纹理Tests";
			productName = "给三角形添加纹理Tests";
			productReference = F2DAAC111F3569AC006456DA /* 给三角形添加纹理Tests.xctest */;
			productType = "com.apple.product-type.bundle.unit-test";
		};
		F2DAAC1B1F3569AC006456DA /* 给三角形添加纹理UITests */ = {
			isa = PBXNativeTarget;
			buildConfigurationList = F2DAAC2B1F3569AC006456DA /* Build configuration list for PBXNativeTarget "给三角形添加纹理UITests" */;
			buildPhases = (
				F2DAAC181F3569AC006456DA /* Sources */,
				F2DAAC191F3569AC006456DA /* Frameworks */,
				F2DAAC1A1F3569AC006456DA /* Resources */,
			);
			buildRules = (
			);
			dependencies = (
				F2DAAC1E1F3569AC006456DA /* PBXTargetDependency */,
			);
			name = "给三角形添加纹理UITests";
			productName = "给三角形添加纹理UITests";
			productReference = F2DAAC1C1F3569AC006456DA /* 给三角形添加纹理UITests.xctest */;
			productType = "com.apple.product-type.bundle.ui-testing";
		};
/* End PBXNativeTarget section */

/* Begin PBXProject section */
		F2DAABF01F3569AC006456DA /* Project object */ = {
			isa = PBXProject;
			attributes = {
				LastUpgradeCheck = 0800;
				ORGANIZATIONNAME = "Mr Liu";
				TargetAttributes = {
					F2DAABF71F3569AC006456DA = {
						CreatedOnToolsVersion = 8.0;
						ProvisioningStyle = Automatic;
					};
					F2DAAC101F3569AC006456DA = {
						CreatedOnToolsVersion = 8.0;
						ProvisioningStyle = Automatic;
						TestTargetID = F2DAABF71F3569AC006456DA;
					};
					F2DAAC1B1F3569AC006456DA = {
						CreatedOnToolsVersion = 8.0;
						ProvisioningStyle = Automatic;
						TestTargetID = F2DAABF71F3569AC006456DA;
					};
				};
			};
			buildConfigurationList = F2DAABF31F3569AC006456DA /* Build configuration list for PBXProject "给三角形添加纹理" */;
			compatibilityVersion = "Xcode 3.2";
			developmentRegion = English;
			hasScannedForEncodings = 0;
			knownRegions = (
				en,
				Base,
			);
			mainGroup = F2DAABEF1F3569AC006456DA;
			productRefGroup = F2DAABF91F3569AC006456DA /* Products */;
			projectDirPath = "";
			projectRoot = "";
			targets = (
				F2DAABF71F3569AC006456DA /* 给三角形添加纹理 */,
				F2DAAC101F3569AC006456DA /* 给三角形添加纹理Tests */,
				F2DAAC1B1F3569AC006456DA /* 给三角形添加纹理UITests */,
			);
		};
/* End PBXProject section */

/* Begin PBXResourcesBuildPhase section */
		F2DAABF61F3569AC006456DA /* Resources */ = {
			isa = PBXResourcesBuildPhase;
			buildActionMask = 2147483647;
			files = (
				F2DAAC0B1F3569AC006456DA /* LaunchScreen.storyboard in Resources */,
				F2DAAC081F3569AC006456DA /* Assets.xcassets in Resources */,
				F2DAAC061F3569AC006456DA /* Main.storyboard in Resources */,
			);
			runOnlyForDeploymentPostprocessing = 0;
		};
		F2DAAC0F1F3569AC006456DA /* Resources */ = {
			isa = PBXResourcesBuildPhase;
			buildActionMask = 2147483647;
			files = (
			);
			runOnlyForDeploymentPostprocessing = 0;
		};
		F2DAAC1A1F3569AC006456DA /* Resources */ = {
			isa = PBXResourcesBuildPhase;
			buildActionMask = 2147483647;
			files = (
			);
			runOnlyForDeploymentPostprocessing = 0;
		};
/* End PBXResourcesBuildPhase section */

/* Begin PBXSourcesBuildPhase section */
		F2DAABF41F3569AC006456DA /* Sources */ = {
			isa = PBXSourcesBuildPhase;
			buildActionMask = 2147483647;
			files = (
				F2DAAC031F3569AC006456DA /* ViewController.m in Sources */,
				F2DAAC001F3569AC006456DA /* AppDelegate.m in Sources */,
				F2DAABFD1F3569AC006456DA /* main.m in Sources */,
			);
			runOnlyForDeploymentPostprocessing = 0;
		};
		F2DAAC0D1F3569AC006456DA /* Sources */ = {
			isa = PBXSourcesBuildPhase;
			buildActionMask = 2147483647;
			files = (
				F2DAAC161F3569AC006456DA /* ________Tests.m in Sources */,
			);
			runOnlyForDeploymentPostprocessing = 0;
		};
		F2DAAC181F3569AC006456DA /* Sources */ = {
			isa = PBXSourcesBuildPhase;
			buildActionMask = 2147483647;
			files = (
				F2DAAC211F3569AC006456DA /* ________UITests.m in Sources */,
			);
			runOnlyForDeploymentPostprocessing = 0;
		};
/* End PBXSourcesBuildPhase section */

/* Begin PBXTargetDependency section */
		F2DAAC131F3569AC006456DA /* PBXTargetDependency */ = {
			isa = PBXTargetDependency;
			target = F2DAABF71F3569AC006456DA /* 给三角形添加纹理 */;
			targetProxy = F2DAAC121F3569AC006456DA /* PBXContainerItemProxy */;
		};
		F2DAAC1E1F3569AC006456DA /* PBXTargetDependency */ = {
			isa = PBXTargetDependency;
			target = F2DAABF71F3569AC006456DA /* 给三角形添加纹理 */;
			targetProxy = F2DAAC1D1F3569AC006456DA /* PBXContainerItemProxy */;
		};
/* End PBXTargetDependency section */

/* Begin PBXVariantGroup section */
		F2DAAC041F3569AC006456DA /* Main.storyboard */ = {
			isa = PBXVariantGroup;
			children = (
				F2DAAC051F3569AC006456DA /* Base */,
			);
			name = Main.storyboard;
			sourceTree = "<group>";
		};
		F2DAAC091F3569AC006456DA /* LaunchScreen.storyboard */ = {
			isa = PBXVariantGroup;
			children = (
				F2DAAC0A1F3569AC006456DA /* Base */,
			);
			name = LaunchScreen.storyboard;
			sourceTree = "<group>";
		};
/* End PBXVariantGroup section */

/* Begin XCBuildConfiguration section */
		F2DAAC231F3569AC006456DA /* Debug */ = {
			isa = XCBuildConfiguration;
			buildSettings = {
				ALWAYS_SEARCH_USER_PATHS = NO;
				CLANG_ANALYZER_NONNULL = YES;
				CLANG_CXX_LANGUAGE_STANDARD = "gnu++0x";
				CLANG_CXX_LIBRARY = "libc++";
				CLANG_ENABLE_MODULES = YES;
				CLANG_ENABLE_OBJC_ARC = YES;
				CLANG_WARN_BOOL_CONVERSION = YES;
				CLANG_WARN_CONSTANT_CONVERSION = YES;
				CLANG_WARN_DIRECT_OBJC_ISA_USAGE = YES_ERROR;
				CLANG_WARN_DOCUMENTATION_COMMENTS = YES;
				CLANG_WARN_EMPTY_BODY = YES;
				CLANG_WARN_ENUM_CONVERSION = YES;
				CLANG_WARN_INFINITE_RECURSION = YES;
				CLANG_WARN_INT_CONVERSION = YES;
				CLANG_WARN_OBJC_ROOT_CLASS = YES_ERROR;
				CLANG_WARN_SUSPICIOUS_MOVES = YES;
				CLANG_WARN_UNREACHABLE_CODE = YES;
				CLANG_WARN__DUPLICATE_METHOD_MATCH = YES;
				"CODE_SIGN_IDENTITY[sdk=iphoneos*]" = "iPhone Developer";
				COPY_PHASE_STRIP = NO;
				DEBUG_INFORMATION_FORMAT = dwarf;
				ENABLE_STRICT_OBJC_MSGSEND = YES;
				ENABLE_TESTABILITY = YES;
				GCC_C_LANGUAGE_STANDARD = gnu99;
				GCC_DYNAMIC_NO_PIC = NO;
				GCC_NO_COMMON_BLOCKS = YES;
				GCC_OPTIMIZATION_LEVEL = 0;
				GCC_PREPROCESSOR_DEFINITIONS = (
					"DEBUG=1",
					"$(inherited)",
				);
				GCC_WARN_64_TO_32_BIT_CONVERSION = YES;
				GCC_WARN_ABOUT_RETURN_TYPE = YES_ERROR;
				GCC_WARN_UNDECLARED_SELECTOR = YES;
				GCC_WARN_UNINITIALIZED_AUTOS = YES_AGGRESSIVE;
				GCC_WARN_UNUSED_FUNCTION = YES;
				GCC_WARN_UNUSED_VARIABLE = YES;
				IPHONEOS_DEPLOYMENT_TARGET = 10.0;
				MTL_ENABLE_DEBUG_INFO = YES;
				ONLY_ACTIVE_ARCH = YES;
				SDKROOT = iphoneos;
				TARGETED_DEVICE_FAMILY = "1,2";
			};
			name = Debug;
		};
		F2DAAC241F3569AC006456DA /* Release */ = {
			isa = XCBuildConfiguration;
			buildSettings = {
				ALWAYS_SEARCH_USER_PATHS = NO;
				CLANG_ANALYZER_NONNULL = YES;
				CLANG_CXX_LANGUAGE_STANDARD = "gnu++0x";
				CLANG_CXX_LIBRARY = "libc++";
				CLANG_ENABLE_MODULES = YES;
				CLANG_ENABLE_OBJC_ARC = YES;
				CLANG_WARN_BOOL_CONVERSION = YES;
				CLANG_WARN_CONSTANT_CONVERSION = YES;
				CLANG_WARN_DIRECT_OBJC_ISA_USAGE = YES_ERROR;
				CLANG_WARN_DOCUMENTATION_COMMENTS = YES;
				CLANG_WARN_EMPTY_BODY = YES;
				CLANG_WARN_ENUM_CONVERSION = YES;
				CLANG_WARN_INFINITE_RECURSION = YES;
				CLANG_WARN_INT_CONVERSION = YES;
				CLANG_WARN_OBJC_ROOT_CLASS = YES_ERROR;
				CLANG_WARN_SUSPICIOUS_MOVES = YES;
				CLANG_WARN_UNREACHABLE_CODE = YES;
				CLANG_WARN__DUPLICATE_METHOD_MATCH = YES;
				"CODE_SIGN_IDENTITY[sdk=iphoneos*]" = "iPhone Developer";
				COPY_PHASE_STRIP = NO;
				DEBUG_INFORMATION_FORMAT = "dwarf-with-dsym";
				ENABLE_NS_ASSERTIONS = NO;
				ENABLE_STRICT_OBJC_MSGSEND = YES;
				GCC_C_LANGUAGE_STANDARD = gnu99;
				GCC_NO_COMMON_BLOCKS = YES;
				GCC_WARN_64_TO_32_BIT_CONVERSION = YES;
				GCC_WARN_ABOUT_RETURN_TYPE = YES_ERROR;
				GCC_WARN_UNDECLARED_SELECTOR = YES;
				GCC_WARN_UNINITIALIZED_AUTOS = YES_AGGRESSIVE;
				GCC_WARN_UNUSED_FUNCTION = YES;
				GCC_WARN_UNUSED_VARIABLE = YES;
				IPHONEOS_DEPLOYMENT_TARGET = 10.0;
				MTL_ENABLE_DEBUG_INFO = NO;
				SDKROOT = iphoneos;
				TARGETED_DEVICE_FAMILY = "1,2";
				VALIDATE_PRODUCT = YES;
			};
			name = Release;
		};
		F2DAAC261F3569AC006456DA /* Debug */ = {
			isa = XCBuildConfiguration;
			buildSettings = {
				ASSETCATALOG_COMPILER_APPICON_NAME = AppIcon;
				INFOPLIST_FILE = "给三角形添加纹理/Info.plist";
				LD_RUNPATH_SEARCH_PATHS = "$(inherited) @executable_path/Frameworks";
				PRODUCT_BUNDLE_IDENTIFIER = "TSSL.--------";
				PRODUCT_NAME = "$(TARGET_NAME)";
			};
			name = Debug;
		};
		F2DAAC271F3569AC006456DA /* Release */ = {
			isa = XCBuildConfiguration;
			buildSettings = {
				ASSETCATALOG_COMPILER_APPICON_NAME = AppIcon;
				INFOPLIST_FILE = "给三角形添加纹理/Info.plist";
				LD_RUNPATH_SEARCH_PATHS = "$(inherited) @executable_path/Frameworks";
				PRODUCT_BUNDLE_IDENTIFIER = "TSSL.--------";
				PRODUCT_NAME = "$(TARGET_NAME)";
			};
			name = Release;
		};
		F2DAAC291F3569AC006456DA /* Debug */ = {
			isa = XCBuildConfiguration;
			buildSettings = {
				BUNDLE_LOADER = "$(TEST_HOST)";
				INFOPLIST_FILE = "给三角形添加纹理Tests/Info.plist";
				LD_RUNPATH_SEARCH_PATHS = "$(inherited) @executable_path/Frameworks @loader_path/Frameworks";
				PRODUCT_BUNDLE_IDENTIFIER = "TSSL.--------Tests";
				PRODUCT_NAME = "$(TARGET_NAME)";
				TEST_HOST = "$(BUILT_PRODUCTS_DIR)/给三角形添加纹理.app/给三角形添加纹理";
			};
			name = Debug;
		};
		F2DAAC2A1F3569AC006456DA /* Release */ = {
			isa = XCBuildConfiguration;
			buildSettings = {
				BUNDLE_LOADER = "$(TEST_HOST)";
				INFOPLIST_FILE = "给三角形添加纹理Tests/Info.plist";
				LD_RUNPATH_SEARCH_PATHS = "$(inherited) @executable_path/Frameworks @loader_path/Frameworks";
				PRODUCT_BUNDLE_IDENTIFIER = "TSSL.--------Tests";
				PRODUCT_NAME = "$(TARGET_NAME)";
				TEST_HOST = "$(BUILT_PRODUCTS_DIR)/给三角形添加纹理.app/给三角形添加纹理";
			};
			name = Release;
		};
		F2DAAC2C1F3569AC006456DA /* Debug */ = {
			isa = XCBuildConfiguration;
			buildSettings = {
				INFOPLIST_FILE = "给三角形添加纹理UITests/Info.plist";
				LD_RUNPATH_SEARCH_PATHS = "$(inherited) @executable_path/Frameworks @loader_path/Frameworks";
				PRODUCT_BUNDLE_IDENTIFIER = "TSSL.--------UITests";
				PRODUCT_NAME = "$(TARGET_NAME)";
				TEST_TARGET_NAME = "给三角形添加纹理";
			};
			name = Debug;
		};
		F2DAAC2D1F3569AC006456DA /* Release */ = {
			isa = XCBuildConfiguration;
			buildSettings = {
				INFOPLIST_FILE = "给三角形添加纹理UITests/Info.plist";
				LD_RUNPATH_SEARCH_PATHS = "$(inherited) @executable_path/Frameworks @loader_path/Frameworks";
				PRODUCT_BUNDLE_IDENTIFIER = "TSSL.--------UITests";
				PRODUCT_NAME = "$(TARGET_NAME)";
				TEST_TARGET_NAME = "给三角形添加纹理";
			};
			name = Release;
		};
/* End XCBuildConfiguration section */

/* Begin XCConfigurationList section */
		F2DAABF31F3569AC006456DA /* Build configuration list for PBXProject "给三角形添加纹理" */ = {
			isa = XCConfigurationList;
			buildConfigurations = (
				F2DAAC231F3569AC006456DA /* Debug */,
				F2DAAC241F3569AC006456DA /* Release */,
			);
			defaultConfigurationIsVisible = 0;
			defaultConfigurationName = Release;
		};
		F2DAAC251F3569AC006456DA /* Build configuration list for PBXNativeTarget "给三角形添加纹理" */ = {
			isa = XCConfigurationList;
			buildConfigurations = (
				F2DAAC261F3569AC006456DA /* Debug */,
				F2DAAC271F3569AC006456DA /* Release */,
			);
			defaultConfigurationIsVisible = 0;
		};
		F2DAAC281F3569AC006456DA /* Build configuration list for PBXNativeTarget "给三角形添加纹理Tests" */ = {
			isa = XCConfigurationList;
			buildConfigurations = (
				F2DAAC291F3569AC006456DA /* Debug */,
				F2DAAC2A1F3569AC006456DA /* Release */,
			);
			defaultConfigurationIsVisible = 0;
		};
		F2DAAC2B1F3569AC006456DA /* Build configuration list for PBXNativeTarget "给三角形添加纹理UITests" */ = {
			isa = XCConfigurationList;
			buildConfigurations = (
				F2DAAC2C1F3569AC006456DA /* Debug */,
				F2DAAC2D1F3569AC006456DA /* Release */,
			);
			defaultConfigurationIsVisible = 0;
		};
/* End XCConfigurationList section */
	};
	rootObject = F2DAABF01F3569AC006456DA /* Project object */;
}
